
Microsoft Visual Studio Solution File, Format Version 12.00
# Visual Studio Version 16
VisualStudioVersion = 16.0.29728.190
MinimumVisualStudioVersion = 10.0.40219.1
Project("{FAE04EC0-301F-11D3-BF4B-00C04F79EFBC}") = "SE-ClientForDedicatedServer-", "SE-ClientForDedicatedServer-\SE-ClientForDedicatedServer-.csproj", "{DDCA0F0B-54A5-4248-B11E-A3A4FD12B76C}"
EndProject
Global
	GlobalSection(SolutionConfigurationPlatforms) = preSolution
		Debug|Any CPU = Debug|Any CPU
		Release|Any CPU = Release|Any CPU
	EndGlobalSection
	GlobalSection(ProjectConfigurationPlatforms) = postSolution
		{DDCA0F0B-54A5-4248-B11E-A3A4FD12B76C}.Debug|Any CPU.ActiveCfg = Debug|Any CPU
		{DDCA0F0B-54A5-4248-B11E-A3A4FD12B76C}.Debug|Any CPU.Build.0 = Debug|Any CPU
		{DDCA0F0B-54A5-4248-B11E-A3A4FD12B76C}.Release|Any CPU.ActiveCfg = Release|Any CPU
		{DDCA0F0B-54A5-4248-B11E-A3A4FD12B76C}.Release|Any CPU.Build.0 = Release|Any CPU
	EndGlobalSection
	GlobalSection(SolutionProperties) = preSolution
		HideSolutionNode = FALSE
	EndGlobalSection
	GlobalSection(ExtensibilityGlobals) = postSolution
		SolutionGuid = {DE94B9C1-6820-4892-9F5D-6F1FF670B47D}
	EndGlobalSection
EndGlobal
